
Microsoft Visual Studio Solution File, Format Version 12.00
# Visual Studio Version 17
VisualStudioVersion = 17.2.32616.157
MinimumVisualStudioVersion = 10.0.40219.1
Project("{9A19103F-16F7-4668-BE54-9A1E7A4F7556}") = "NVCStatus", "NVCStatus\NVCStatus.csproj", "{0A022C07-78F1-4B34-B23F-7A065462223D}"
EndProject
Project("{FAE04EC0-301F-11D3-BF4B-00C04F79EFBC}") = "NVCResults", "NVCResults\NVCResults.csproj", "{14521287-54B8-4564-BBC5-617616D1E404}"
EndProject
Global
	GlobalSection(SolutionConfigurationPlatforms) = preSolution
		Debug|Any CPU = Debug|Any CPU
		Release|Any CPU = Release|Any CPU
	EndGlobalSection
	GlobalSection(ProjectConfigurationPlatforms) = postSolution
		{0A022C07-78F1-4B34-B23F-7A065462223D}.Debug|Any CPU.ActiveCfg = Debug|Any CPU
		{0A022C07-78F1-4B34-B23F-7A065462223D}.Debug|Any CPU.Build.0 = Debug|Any CPU
		{0A022C07-78F1-4B34-B23F-7A065462223D}.Release|Any CPU.ActiveCfg = Release|Any CPU
		{0A022C07-78F1-4B34-B23F-7A065462223D}.Release|Any CPU.Build.0 = Release|Any CPU
		{14521287-54B8-4564-BBC5-617616D1E404}.Debug|Any CPU.ActiveCfg = Debug|Any CPU
		{14521287-54B8-4564-BBC5-617616D1E404}.Debug|Any CPU.Build.0 = Debug|Any CPU
		{14521287-54B8-4564-BBC5-617616D1E404}.Release|Any CPU.ActiveCfg = Release|Any CPU
		{14521287-54B8-4564-BBC5-617616D1E404}.Release|Any CPU.Build.0 = Release|Any CPU
	EndGlobalSection
	GlobalSection(SolutionProperties) = preSolution
		HideSolutionNode = FALSE
	EndGlobalSection
	GlobalSection(ExtensibilityGlobals) = postSolution
		SolutionGuid = {A9982A46-E732-48BE-8122-78A1D0E0B47B}
	EndGlobalSection
EndGlobal
